PODS:
  - connectivity_plus (0.0.1):
    - Flutter
    - ReachabilitySwift
  - Flutter (1.0.0)
  - flutter_compass (0.0.1):
    - Flutter
  - flutter_local_notifications (0.0.1):
    - Flutter
  - fluttertoast (0.0.2):
    - Flutter
  - home_widget (0.0.1):
    - Flutter
  - permission_handler_apple (9.3.0):
    - Flutter
  - ReachabilitySwift (5.2.4)

DEPENDENCIES:
  - connectivity_plus (from `.symlinks/plugins/connectivity_plus/ios`)
  - Flutter (from `Flutter`)
  - flutter_compass (from `.symlinks/plugins/flutter_compass/ios`)
  - flutter_local_notifications (from `.symlinks/plugins/flutter_local_notifications/ios`)
  - fluttertoast (from `.symlinks/plugins/fluttertoast/ios`)
  - home_widget (from `.symlinks/plugins/home_widget/ios`)
  - permission_handler_apple (from `.symlinks/plugins/permission_handler_apple/ios`)

SPEC REPOS:
  trunk:
    - ReachabilitySwift

EXTERNAL SOURCES:
  connectivity_plus:
    :path: ".symlinks/plugins/connectivity_plus/ios"
  Flutter:
    :path: Flutter
  flutter_compass:
    :path: ".symlinks/plugins/flutter_compass/ios"
  flutter_local_notifications:
    :path: ".symlinks/plugins/flutter_local_notifications/ios"
  fluttertoast:
    :path: ".symlinks/plugins/fluttertoast/ios"
  home_widget:
    :path: ".symlinks/plugins/home_widget/ios"
  permission_handler_apple:
    :path: ".symlinks/plugins/permission_handler_apple/ios"

SPEC CHECKSUMS:
  connectivity_plus: 4d5101c5877bedcda6cd1ccb825307911667d6b0
  Flutter: 71a624a5bc0c04062bf19101d501e466baf2fb47
  flutter_compass: b236ab69b61545cce89fd58527f401a7587d5cc1
  flutter_local_notifications: ad39620c743ea4c15127860f4b5641649a988100
  fluttertoast: 2c67e14dce98bbdb200df9e1acf610d7a6264ea1
  home_widget: f169fc41fd807b4d46ab6615dc44d62adbf9f64f
  permission_handler_apple: 4ed2196e43d0651e8ff7ca3483a069d469701f2d
  ReachabilitySwift: 32793e867593cfc1177f5d16491e3a197d2fccda

PODFILE CHECKSUM: 48b99ec94f6918e05db240ae9133f832136ddc8b

COCOAPODS: 1.17.0
